
Microsoft Visual Studio Solution File, Format Version 12.00
# Visual Studio Version 17
VisualStudioVersion = 17.0.31912.275
MinimumVisualStudioVersion = 10.0.40219.1
Project("{2150E333-8FDC-42A3-9474-1A3956D46DE8}") = "Primary", "Primary", "{5BF663C4-47E7-48A0-8F0C-E3E0666DD13D}"
EndProject
Project("{2150E333-8FDC-42A3-9474-1A3956D46DE8}") = "Secondary", "Secondary", "{79EB325F-BC45-44D2-B8BE-2547CE1C1489}"
EndProject
Project("{2150E333-8FDC-42A3-9474-1A3956D46DE8}") = "ReadModel", "ReadModel", "{E708FED0-6CDD-489A-AF02-47E60FD9F69C}"
EndProject
Project("{2150E333-8FDC-42A3-9474-1A3956D46DE8}") = "Adapters", "Adapters", "{08BCCE94-1B2B-44C5-9B99-9638466B13F8}"
EndProject
Project("{9A19103F-16F7-4668-BE54-9A1E7A4F7556}") = "Persistence", "Adapters\Persistence\Persistence.csproj", "{C8205177-95DF-4514-BF0E-A2042FDC5742}"
EndProject
Project("{2150E333-8FDC-42A3-9474-1A3956D46DE8}") = "Solution Items", "Solution Items", "{2DEC1ADA-34A4-4EF1-99B5-43B91739C456}"
	ProjectSection(SolutionItems) = preProject
		.editorconfig = .editorconfig
	EndProjectSection
EndProject
Project("{9A19103F-16F7-4668-BE54-9A1E7A4F7556}") = "ReadModel", "ReadModel\HexagonalApi.ReadModel\ReadModel.csproj", "{3567785A-BCCF-44BB-8AAD-050A73FFEA2F}"
EndProject
Project("{2150E333-8FDC-42A3-9474-1A3956D46DE8}") = "Tests", "Tests", "{C8F85994-2BBA-4199-B878-A15EC81D572C}"
EndProject
Project("{9A19103F-16F7-4668-BE54-9A1E7A4F7556}") = "Business", "Application\Business\Business.csproj", "{5EA6FE26-E97E-41D7-B195-40064C6AAC40}"
EndProject
Project("{9A19103F-16F7-4668-BE54-9A1E7A4F7556}") = "Business", "Tests\Business\Business.csproj", "{43F37D62-D256-4FEC-A79C-E0A0007F3BEE}"
EndProject
Project("{9A19103F-16F7-4668-BE54-9A1E7A4F7556}") = "Specifications", "Tests\Specifications\Specifications.csproj", "{F6751A5B-048E-45B3-8BB8-DB73EFE4B98B}"
EndProject
Project("{9A19103F-16F7-4668-BE54-9A1E7A4F7556}") = "Architecture", "Tests\Architecture\Architecture.csproj", "{241706FC-945D-41A6-BB47-619CB03E89B7}"
EndProject
Project("{9A19103F-16F7-4668-BE54-9A1E7A4F7556}") = "ReadModel", "Tests\ReadModel\ReadModel.csproj", "{5E0D6989-FC87-49BD-9B07-32D29716DE19}"
EndProject
Project("{9A19103F-16F7-4668-BE54-9A1E7A4F7556}") = "Adapters", "Tests\Adapters\Adapters.csproj", "{8439523D-B8C5-46DF-8D80-4989676AF56A}"
EndProject
Project("{9A19103F-16F7-4668-BE54-9A1E7A4F7556}") = "ThirdPartyService", "Adapters\ThirdPartyService\ThirdPartyService.csproj", "{D1BF4815-61BD-4B5B-96A0-F9D6F82AFEC5}"
EndProject
Project("{9A19103F-16F7-4668-BE54-9A1E7A4F7556}") = "Api", "Adapters\Api\Api.csproj", "{4F84068F-25B8-423C-BF50-CF9F7B731A33}"
EndProject
Project("{9A19103F-16F7-4668-BE54-9A1E7A4F7556}") = "Common", "Tests\Common\Common.csproj", "{C7097C9F-F45E-4AED-B32C-68BF6D97C6CB}"
EndProject
Project("{9A19103F-16F7-4668-BE54-9A1E7A4F7556}") = "Messaging", "Messaging\Messaging.csproj", "{E84E6579-09D5-4ECA-85A5-CF227858C7FE}"
EndProject
Project("{9A19103F-16F7-4668-BE54-9A1E7A4F7556}") = "EventHandler", "EventHandler\EventHandler.csproj", "{B4C0DA4B-274B-4E5D-860F-7755142B6C1E}"
EndProject
Global
	GlobalSection(SolutionConfigurationPlatforms) = preSolution
		Debug|Any CPU = Debug|Any CPU
		Release|Any CPU = Release|Any CPU
	EndGlobalSection
	GlobalSection(ProjectConfigurationPlatforms) = postSolution
		{C8205177-95DF-4514-BF0E-A2042FDC5742}.Debug|Any CPU.ActiveCfg = Debug|Any CPU
		{C8205177-95DF-4514-BF0E-A2042FDC5742}.Debug|Any CPU.Build.0 = Debug|Any CPU
		{C8205177-95DF-4514-BF0E-A2042FDC5742}.Release|Any CPU.ActiveCfg = Release|Any CPU
		{C8205177-95DF-4514-BF0E-A2042FDC5742}.Release|Any CPU.Build.0 = Release|Any CPU
		{3567785A-BCCF-44BB-8AAD-050A73FFEA2F}.Debug|Any CPU.ActiveCfg = Debug|Any CPU
		{3567785A-BCCF-44BB-8AAD-050A73FFEA2F}.Debug|Any CPU.Build.0 = Debug|Any CPU
		{3567785A-BCCF-44BB-8AAD-050A73FFEA2F}.Release|Any CPU.ActiveCfg = Release|Any CPU
		{3567785A-BCCF-44BB-8AAD-050A73FFEA2F}.Release|Any CPU.Build.0 = Release|Any CPU
		{5EA6FE26-E97E-41D7-B195-40064C6AAC40}.Debug|Any CPU.ActiveCfg = Debug|Any CPU
		{5EA6FE26-E97E-41D7-B195-40064C6AAC40}.Debug|Any CPU.Build.0 = Debug|Any CPU
		{5EA6FE26-E97E-41D7-B195-40064C6AAC40}.Release|Any CPU.ActiveCfg = Release|Any CPU
		{5EA6FE26-E97E-41D7-B195-40064C6AAC40}.Release|Any CPU.Build.0 = Release|Any CPU
		{43F37D62-D256-4FEC-A79C-E0A0007F3BEE}.Debug|Any CPU.ActiveCfg = Debug|Any CPU
		{43F37D62-D256-4FEC-A79C-E0A0007F3BEE}.Debug|Any CPU.Build.0 = Debug|Any CPU
		{43F37D62-D256-4FEC-A79C-E0A0007F3BEE}.Release|Any CPU.ActiveCfg = Release|Any CPU
		{43F37D62-D256-4FEC-A79C-E0A0007F3BEE}.Release|Any CPU.Build.0 = Release|Any CPU
		{F6751A5B-048E-45B3-8BB8-DB73EFE4B98B}.Debug|Any CPU.ActiveCfg = Debug|Any CPU
		{F6751A5B-048E-45B3-8BB8-DB73EFE4B98B}.Debug|Any CPU.Build.0 = Debug|Any CPU
		{F6751A5B-048E-45B3-8BB8-DB73EFE4B98B}.Release|Any CPU.ActiveCfg = Release|Any CPU
		{F6751A5B-048E-45B3-8BB8-DB73EFE4B98B}.Release|Any CPU.Build.0 = Release|Any CPU
		{241706FC-945D-41A6-BB47-619CB03E89B7}.Debug|Any CPU.ActiveCfg = Debug|Any CPU
		{241706FC-945D-41A6-BB47-619CB03E89B7}.Debug|Any CPU.Build.0 = Debug|Any CPU
		{241706FC-945D-41A6-BB47-619CB03E89B7}.Release|Any CPU.ActiveCfg = Release|Any CPU
		{241706FC-945D-41A6-BB47-619CB03E89B7}.Release|Any CPU.Build.0 = Release|Any CPU
		{5E0D6989-FC87-49BD-9B07-32D29716DE19}.Debug|Any CPU.ActiveCfg = Debug|Any CPU
		{5E0D6989-FC87-49BD-9B07-32D29716DE19}.Debug|Any CPU.Build.0 = Debug|Any CPU
		{5E0D6989-FC87-49BD-9B07-32D29716DE19}.Release|Any CPU.ActiveCfg = Release|Any CPU
		{5E0D6989-FC87-49BD-9B07-32D29716DE19}.Release|Any CPU.Build.0 = Release|Any CPU
		{8439523D-B8C5-46DF-8D80-4989676AF56A}.Debug|Any CPU.ActiveCfg = Debug|Any CPU
		{8439523D-B8C5-46DF-8D80-4989676AF56A}.Debug|Any CPU.Build.0 = Debug|Any CPU
		{8439523D-B8C5-46DF-8D80-4989676AF56A}.Release|Any CPU.ActiveCfg = Release|Any CPU
		{8439523D-B8C5-46DF-8D80-4989676AF56A}.Release|Any CPU.Build.0 = Release|Any CPU
		{D1BF4815-61BD-4B5B-96A0-F9D6F82AFEC5}.Debug|Any CPU.ActiveCfg = Debug|Any CPU
		{D1BF4815-61BD-4B5B-96A0-F9D6F82AFEC5}.Debug|Any CPU.Build.0 = Debug|Any CPU
		{D1BF4815-61BD-4B5B-96A0-F9D6F82AFEC5}.Release|Any CPU.ActiveCfg = Release|Any CPU
		{D1BF4815-61BD-4B5B-96A0-F9D6F82AFEC5}.Release|Any CPU.Build.0 = Release|Any CPU
		{4F84068F-25B8-423C-BF50-CF9F7B731A33}.Debug|Any CPU.ActiveCfg = Debug|Any CPU
		{4F84068F-25B8-423C-BF50-CF9F7B731A33}.Debug|Any CPU.Build.0 = Debug|Any CPU
		{4F84068F-25B8-423C-BF50-CF9F7B731A33}.Release|Any CPU.ActiveCfg = Release|Any CPU
		{4F84068F-25B8-423C-BF50-CF9F7B731A33}.Release|Any CPU.Build.0 = Release|Any CPU
		{C7097C9F-F45E-4AED-B32C-68BF6D97C6CB}.Debug|Any CPU.ActiveCfg = Debug|Any CPU
		{C7097C9F-F45E-4AED-B32C-68BF6D97C6CB}.Debug|Any CPU.Build.0 = Debug|Any CPU
		{C7097C9F-F45E-4AED-B32C-68BF6D97C6CB}.Release|Any CPU.ActiveCfg = Release|Any CPU
		{C7097C9F-F45E-4AED-B32C-68BF6D97C6CB}.Release|Any CPU.Build.0 = Release|Any CPU
		{E84E6579-09D5-4ECA-85A5-CF227858C7FE}.Debug|Any CPU.ActiveCfg = Debug|Any CPU
		{E84E6579-09D5-4ECA-85A5-CF227858C7FE}.Debug|Any CPU.Build.0 = Debug|Any CPU
		{E84E6579-09D5-4ECA-85A5-CF227858C7FE}.Release|Any CPU.ActiveCfg = Release|Any CPU
		{E84E6579-09D5-4ECA-85A5-CF227858C7FE}.Release|Any CPU.Build.0 = Release|Any CPU
		{B4C0DA4B-274B-4E5D-860F-7755142B6C1E}.Debug|Any CPU.ActiveCfg = Debug|Any CPU
		{B4C0DA4B-274B-4E5D-860F-7755142B6C1E}.Debug|Any CPU.Build.0 = Debug|Any CPU
		{B4C0DA4B-274B-4E5D-860F-7755142B6C1E}.Release|Any CPU.ActiveCfg = Release|Any CPU
		{B4C0DA4B-274B-4E5D-860F-7755142B6C1E}.Release|Any CPU.Build.0 = Release|Any CPU
	EndGlobalSection
	GlobalSection(SolutionProperties) = preSolution
		HideSolutionNode = FALSE
	EndGlobalSection
	GlobalSection(NestedProjects) = preSolution
		{5BF663C4-47E7-48A0-8F0C-E3E0666DD13D} = {08BCCE94-1B2B-44C5-9B99-9638466B13F8}
		{79EB325F-BC45-44D2-B8BE-2547CE1C1489} = {08BCCE94-1B2B-44C5-9B99-9638466B13F8}
		{C8205177-95DF-4514-BF0E-A2042FDC5742} = {79EB325F-BC45-44D2-B8BE-2547CE1C1489}
		{3567785A-BCCF-44BB-8AAD-050A73FFEA2F} = {E708FED0-6CDD-489A-AF02-47E60FD9F69C}
		{43F37D62-D256-4FEC-A79C-E0A0007F3BEE} = {C8F85994-2BBA-4199-B878-A15EC81D572C}
		{F6751A5B-048E-45B3-8BB8-DB73EFE4B98B} = {C8F85994-2BBA-4199-B878-A15EC81D572C}
		{241706FC-945D-41A6-BB47-619CB03E89B7} = {C8F85994-2BBA-4199-B878-A15EC81D572C}
		{5E0D6989-FC87-49BD-9B07-32D29716DE19} = {C8F85994-2BBA-4199-B878-A15EC81D572C}
		{8439523D-B8C5-46DF-8D80-4989676AF56A} = {C8F85994-2BBA-4199-B878-A15EC81D572C}
		{D1BF4815-61BD-4B5B-96A0-F9D6F82AFEC5} = {79EB325F-BC45-44D2-B8BE-2547CE1C1489}
		{4F84068F-25B8-423C-BF50-CF9F7B731A33} = {5BF663C4-47E7-48A0-8F0C-E3E0666DD13D}
		{C7097C9F-F45E-4AED-B32C-68BF6D97C6CB} = {C8F85994-2BBA-4199-B878-A15EC81D572C}
		{E84E6579-09D5-4ECA-85A5-CF227858C7FE} = {79EB325F-BC45-44D2-B8BE-2547CE1C1489}
		{B4C0DA4B-274B-4E5D-860F-7755142B6C1E} = {E708FED0-6CDD-489A-AF02-47E60FD9F69C}
	EndGlobalSection
	GlobalSection(ExtensibilityGlobals) = postSolution
		SolutionGuid = {06E2BDEC-BB2B-4E72-A2DE-FFD4A0F06AE4}
	EndGlobalSection
EndGlobal
